
Microsoft Visual Studio Solution File, Format Version 11.00
# Visual Studio 2010
Project("{FAE04EC0-301F-11D3-BF4B-00C04F79EFBC}") = "pos_hardware", "pos_hardware\pos_hardware.csproj", "{F1B23B12-2FD4-4A30-B07C-A739EDB4C552}"
EndProject
Project("{FAE04EC0-301F-11D3-BF4B-00C04F79EFBC}") = "pos_hardware_console", "pos_hardware_console\pos_hardware_console.csproj", "{E48533A1-60DF-481B-A2CF-31F46FE3BC69}"
EndProject
Project("{FAE04EC0-301F-11D3-BF4B-00C04F79EFBC}") = "pos_hardware_service", "pos_hardware_service\pos_hardware_service.csproj", "{DEAD45F0-3811-4D75-A512-1F9BB879E805}"
EndProject
Project("{54435603-DBB4-11D2-8724-00A0C9A8B90C}") = "pos_service_setup", "pos_service_setup\AlikaPosServiceSetup.vdproj", "{D4017BB6-B2CE-4C3D-BE20-4C32142FD380}"
EndProject
Global
	GlobalSection(SolutionConfigurationPlatforms) = preSolution
		Debug|x86 = Debug|x86
		Release|x86 = Release|x86
	EndGlobalSection
	GlobalSection(ProjectConfigurationPlatforms) = postSolution
		{F1B23B12-2FD4-4A30-B07C-A739EDB4C552}.Debug|x86.ActiveCfg = Debug|x86
		{F1B23B12-2FD4-4A30-B07C-A739EDB4C552}.Debug|x86.Build.0 = Debug|x86
		{F1B23B12-2FD4-4A30-B07C-A739EDB4C552}.Release|x86.ActiveCfg = Release|x86
		{F1B23B12-2FD4-4A30-B07C-A739EDB4C552}.Release|x86.Build.0 = Release|x86
		{E48533A1-60DF-481B-A2CF-31F46FE3BC69}.Debug|x86.ActiveCfg = Debug|x86
		{E48533A1-60DF-481B-A2CF-31F46FE3BC69}.Debug|x86.Build.0 = Debug|x86
		{E48533A1-60DF-481B-A2CF-31F46FE3BC69}.Release|x86.ActiveCfg = Release|x86
		{E48533A1-60DF-481B-A2CF-31F46FE3BC69}.Release|x86.Build.0 = Release|x86
		{DEAD45F0-3811-4D75-A512-1F9BB879E805}.Debug|x86.ActiveCfg = Debug|x86
		{DEAD45F0-3811-4D75-A512-1F9BB879E805}.Debug|x86.Build.0 = Debug|x86
		{DEAD45F0-3811-4D75-A512-1F9BB879E805}.Release|x86.ActiveCfg = Release|x86
		{DEAD45F0-3811-4D75-A512-1F9BB879E805}.Release|x86.Build.0 = Release|x86
		{D4017BB6-B2CE-4C3D-BE20-4C32142FD380}.Debug|x86.ActiveCfg = Debug
		{D4017BB6-B2CE-4C3D-BE20-4C32142FD380}.Debug|x86.Build.0 = Debug
		{D4017BB6-B2CE-4C3D-BE20-4C32142FD380}.Release|x86.ActiveCfg = Release
		{D4017BB6-B2CE-4C3D-BE20-4C32142FD380}.Release|x86.Build.0 = Release
	EndGlobalSection
	GlobalSection(SolutionProperties) = preSolution
		HideSolutionNode = FALSE
	EndGlobalSection
EndGlobal
